
Microsoft Visual Studio Solution File, Format Version 12.00
# Visual Studio Version 17
VisualStudioVersion = 17.2.32505.173
MinimumVisualStudioVersion = 10.0.40219.1
Project("{8BC9CEB8-8B4A-11D0-8D11-00A0C91BC942}") = "Cpp_CourseRA_6", "Cpp_CourseRA_6\Cpp_CourseRA_6.vcxproj", "{7347FB81-769E-4DB5-B5AC-55A3B1CFD929}"
EndProject
Global
	GlobalSection(SolutionConfigurationPlatforms) = preSolution
		Debug|x64 = Debug|x64
		Debug|x86 = Debug|x86
		Release|x64 = Release|x64
		Release|x86 = Release|x86
	EndGlobalSection
	GlobalSection(ProjectConfigurationPlatforms) = postSolution
		{7347FB81-769E-4DB5-B5AC-55A3B1CFD929}.Debug|x64.ActiveCfg = Debug|x64
		{7347FB81-769E-4DB5-B5AC-55A3B1CFD929}.Debug|x64.Build.0 = Debug|x64
		{7347FB81-769E-4DB5-B5AC-55A3B1CFD929}.Debug|x86.ActiveCfg = Debug|Win32
		{7347FB81-769E-4DB5-B5AC-55A3B1CFD929}.Debug|x86.Build.0 = Debug|Win32
		{7347FB81-769E-4DB5-B5AC-55A3B1CFD929}.Release|x64.ActiveCfg = Release|x64
		{7347FB81-769E-4DB5-B5AC-55A3B1CFD929}.Release|x64.Build.0 = Release|x64
		{7347FB81-769E-4DB5-B5AC-55A3B1CFD929}.Release|x86.ActiveCfg = Release|Win32
		{7347FB81-769E-4DB5-B5AC-55A3B1CFD929}.Release|x86.Build.0 = Release|Win32
	EndGlobalSection
	GlobalSection(SolutionProperties) = preSolution
		HideSolutionNode = FALSE
	EndGlobalSection
	GlobalSection(ExtensibilityGlobals) = postSolution
		SolutionGuid = {F0202CC1-AF7A-4D04-8BA8-922F5521423F}
	EndGlobalSection
EndGlobal
